
Microsoft Visual Studio Solution File, Format Version 12.00
# Visual Studio Version 16
VisualStudioVersion = 16.0.29709.97
MinimumVisualStudioVersion = 10.0.40219.1
Project("{159641D6-6404-4A2A-AE62-294DE0FE8301}") = "ETL", "InvoicesIntegration\ETL.dtproj", "{605743EC-2968-422C-AF06-AF2EE8DBC625}"
EndProject
Project("{00D1A9C2-B5F0-4AF3-8072-F6C62B433612}") = "DatabaseProject", "DatabaseProject\DatabaseProject.sqlproj", "{7AFB6984-632D-4E28-A9FE-F4A9C3F59F9E}"
EndProject
Project("{FAE04EC0-301F-11D3-BF4B-00C04F79EFBC}") = "сSharpProject", "сSharpProject\сSharpProject.csproj", "{C69B019B-4BA4-4723-85B3-FEC87F6F9776}"
EndProject
Project("{2150E333-8FDC-42A3-9474-1A3956D46DE8}") = "Solution Items", "Solution Items", "{6F5191C8-DFC6-449C-8844-141BAF9B5137}"
	ProjectSection(SolutionItems) = preProject
		.editorconfig = .editorconfig
	EndProjectSection
EndProject
Global
	GlobalSection(SolutionConfigurationPlatforms) = preSolution
		Debug|Any CPU = Debug|Any CPU
		Development|Any CPU = Development|Any CPU
		Release|Any CPU = Release|Any CPU
	EndGlobalSection
	GlobalSection(ProjectConfigurationPlatforms) = postSolution
		{605743EC-2968-422C-AF06-AF2EE8DBC625}.Debug|Any CPU.ActiveCfg = Development
		{605743EC-2968-422C-AF06-AF2EE8DBC625}.Debug|Any CPU.Build.0 = Development
		{605743EC-2968-422C-AF06-AF2EE8DBC625}.Development|Any CPU.ActiveCfg = Development
		{605743EC-2968-422C-AF06-AF2EE8DBC625}.Development|Any CPU.Build.0 = Development
		{605743EC-2968-422C-AF06-AF2EE8DBC625}.Release|Any CPU.ActiveCfg = Development
		{605743EC-2968-422C-AF06-AF2EE8DBC625}.Release|Any CPU.Build.0 = Development
		{7AFB6984-632D-4E28-A9FE-F4A9C3F59F9E}.Debug|Any CPU.ActiveCfg = Debug|Any CPU
		{7AFB6984-632D-4E28-A9FE-F4A9C3F59F9E}.Debug|Any CPU.Build.0 = Debug|Any CPU
		{7AFB6984-632D-4E28-A9FE-F4A9C3F59F9E}.Debug|Any CPU.Deploy.0 = Debug|Any CPU
		{7AFB6984-632D-4E28-A9FE-F4A9C3F59F9E}.Development|Any CPU.ActiveCfg = Debug|Any CPU
		{7AFB6984-632D-4E28-A9FE-F4A9C3F59F9E}.Development|Any CPU.Build.0 = Debug|Any CPU
		{7AFB6984-632D-4E28-A9FE-F4A9C3F59F9E}.Development|Any CPU.Deploy.0 = Debug|Any CPU
		{7AFB6984-632D-4E28-A9FE-F4A9C3F59F9E}.Release|Any CPU.ActiveCfg = Release|Any CPU
		{7AFB6984-632D-4E28-A9FE-F4A9C3F59F9E}.Release|Any CPU.Build.0 = Release|Any CPU
		{7AFB6984-632D-4E28-A9FE-F4A9C3F59F9E}.Release|Any CPU.Deploy.0 = Release|Any CPU
		{C69B019B-4BA4-4723-85B3-FEC87F6F9776}.Debug|Any CPU.ActiveCfg = Debug|Any CPU
		{C69B019B-4BA4-4723-85B3-FEC87F6F9776}.Debug|Any CPU.Build.0 = Debug|Any CPU
		{C69B019B-4BA4-4723-85B3-FEC87F6F9776}.Development|Any CPU.ActiveCfg = Debug|Any CPU
		{C69B019B-4BA4-4723-85B3-FEC87F6F9776}.Development|Any CPU.Build.0 = Debug|Any CPU
		{C69B019B-4BA4-4723-85B3-FEC87F6F9776}.Release|Any CPU.ActiveCfg = Release|Any CPU
		{C69B019B-4BA4-4723-85B3-FEC87F6F9776}.Release|Any CPU.Build.0 = Release|Any CPU
	EndGlobalSection
	GlobalSection(SolutionProperties) = preSolution
		HideSolutionNode = FALSE
	EndGlobalSection
	GlobalSection(ExtensibilityGlobals) = postSolution
		SolutionGuid = {30BF6EFF-AE04-41D2-8D02-280E7D11D7D6}
	EndGlobalSection
EndGlobal
